
Microsoft Visual Studio Solution File, Format Version 12.00
# Visual Studio Version 17
VisualStudioVersion = 17.5.33516.290
MinimumVisualStudioVersion = 10.0.40219.1
Project("{9A19103F-16F7-4668-BE54-9A1E7A4F7556}") = "client", "client\client.csproj", "{1EABB152-C6DC-432C-A15D-3D616F3409AF}"
EndProject
Project("{9A19103F-16F7-4668-BE54-9A1E7A4F7556}") = "server", "server\server.csproj", "{D92C7E01-EB45-4809-A405-A4DD088F0813}"
EndProject
Project("{FAE04EC0-301F-11D3-BF4B-00C04F79EFBC}") = "Shared", "Shared\Shared.csproj", "{45B03741-E29C-410D-AECB-81A2E2715838}"
EndProject
Global
	GlobalSection(SolutionConfigurationPlatforms) = preSolution
		Debug|Any CPU = Debug|Any CPU
		Release|Any CPU = Release|Any CPU
	EndGlobalSection
	GlobalSection(ProjectConfigurationPlatforms) = postSolution
		{1EABB152-C6DC-432C-A15D-3D616F3409AF}.Debug|Any CPU.ActiveCfg = Debug|Any CPU
		{1EABB152-C6DC-432C-A15D-3D616F3409AF}.Debug|Any CPU.Build.0 = Debug|Any CPU
		{1EABB152-C6DC-432C-A15D-3D616F3409AF}.Release|Any CPU.ActiveCfg = Release|Any CPU
		{1EABB152-C6DC-432C-A15D-3D616F3409AF}.Release|Any CPU.Build.0 = Release|Any CPU
		{D92C7E01-EB45-4809-A405-A4DD088F0813}.Debug|Any CPU.ActiveCfg = Debug|Any CPU
		{D92C7E01-EB45-4809-A405-A4DD088F0813}.Debug|Any CPU.Build.0 = Debug|Any CPU
		{D92C7E01-EB45-4809-A405-A4DD088F0813}.Release|Any CPU.ActiveCfg = Release|Any CPU
		{D92C7E01-EB45-4809-A405-A4DD088F0813}.Release|Any CPU.Build.0 = Release|Any CPU
		{45B03741-E29C-410D-AECB-81A2E2715838}.Debug|Any CPU.ActiveCfg = Debug|Any CPU
		{45B03741-E29C-410D-AECB-81A2E2715838}.Debug|Any CPU.Build.0 = Debug|Any CPU
		{45B03741-E29C-410D-AECB-81A2E2715838}.Release|Any CPU.ActiveCfg = Release|Any CPU
		{45B03741-E29C-410D-AECB-81A2E2715838}.Release|Any CPU.Build.0 = Release|Any CPU
	EndGlobalSection
	GlobalSection(SolutionProperties) = preSolution
		HideSolutionNode = FALSE
	EndGlobalSection
	GlobalSection(ExtensibilityGlobals) = postSolution
		SolutionGuid = {7E5EA02D-861B-4AF3-A81A-3E8FFB5F6D01}
	EndGlobalSection
EndGlobal
